<?xml version="1.0" encoding="utf-8"?>
<Project ToolsVersion="4.0" xmlns="http://schemas.microsoft.com/developer/msbuild/2003">
  <ItemGroup>
    <ClCompile Include="Render\Camera.cpp">
      <Filter>Render</Filter>
    </ClCompile>
    <ClCompile Include="Render\Render.cpp">
      <Filter>Render</Filter>
    </ClCompile>
    <ClCompile Include="RenderUtils.cpp" />
    <ClCompile Include="main.cpp" />
    <ClCompile Include="callbacks.cpp" />
    <ClCompile Include="Particle.cpp">
      <Filter>Projectiles</Filter>
    </ClCompile>
    <ClCompile Include="GaussianParticleGenerator.cpp">
      <Filter>Particle Generators</Filter>
    </ClCompile>
    <ClCompile Include="UniformParticleGenerator.cpp">
      <Filter>Particle Generators</Filter>
    </ClCompile>
    <ClCompile Include="FireworksSystem.cpp">
      <Filter>Systems</Filter>
    </ClCompile>
    <ClCompile Include="FireworksGenerator.cpp">
      <Filter>Particle Generators</Filter>
    </ClCompile>
    <ClCompile Include="Firework.cpp">
      <Filter>Projectiles</Filter>
    </ClCompile>
    <ClCompile Include="ParticleSystem.cpp">
      <Filter>Systems</Filter>
    </ClCompile>
    <ClCompile Include="GravityForceGenerator.cpp">
      <Filter>Force Generators</Filter>
    </ClCompile>
    <ClCompile Include="WhirlwindForceGenerator.cpp">
      <Filter>Force Generators</Filter>
    </ClCompile>
    <ClCompile Include="WindForceGenerator.cpp">
      <Filter>Force Generators</Filter>
    </ClCompile>
    <ClCompile Include="ExplosionForceGenerator.cpp">
      <Filter>Force Generators</Filter>
    </ClCompile>
    <ClCompile Include="SpringForceGenerator.cpp">
      <Filter>Force Generators\Springs</Filter>
    </ClCompile>
    <ClCompile Include="AnchoredSpringFG.cpp">
      <Filter>Force Generators\Springs</Filter>
    </ClCompile>
    <ClCompile Include="BungeeFG.cpp">
      <Filter>Force Generators\Springs</Filter>
    </ClCompile>
    <ClCompile Include="BuoyancyFG.cpp">
      <Filter>Force Generators\Springs</Filter>
    </ClCompile>
  </ItemGroup>
  <ItemGroup>
    <ClInclude Include="core.hpp" />
    <ClInclude Include="Render\Camera.h">
      <Filter>Render</Filter>
    </ClInclude>
    <ClInclude Include="Render\Render.h">
      <Filter>Render</Filter>
    </ClInclude>
    <ClInclude Include="RenderUtils.hpp" />
    <ClInclude Include="callbacks.hpp" />
    <ClInclude Include="Projectile_Pistol.h">
      <Filter>Projectiles</Filter>
    </ClInclude>
    <ClInclude Include="Particle.h">
      <Filter>Projectiles</Filter>
    </ClInclude>
    <ClInclude Include="ParticleGenerator.h">
      <Filter>Particle Generators</Filter>
    </ClInclude>
    <ClInclude Include="GaussianParticleGenerator.h">
      <Filter>Particle Generators</Filter>
    </ClInclude>
    <ClInclude Include="UniformParticleGenerator.h">
      <Filter>Particle Generators</Filter>
    </ClInclude>
    <ClInclude Include="FireworksSystem.h">
      <Filter>Systems</Filter>
    </ClInclude>
    <ClInclude Include="FireworksGenerator.h">
      <Filter>Particle Generators</Filter>
    </ClInclude>
    <ClInclude Include="Firework.h">
      <Filter>Projectiles</Filter>
    </ClInclude>
    <ClInclude Include="ParticleSystem.h">
      <Filter>Systems</Filter>
    </ClInclude>
    <ClInclude Include="ForceGenerator.h">
      <Filter>Force Generators</Filter>
    </ClInclude>
    <ClInclude Include="checkML.h" />
    <ClInclude Include="GravityForceGenerator.h">
      <Filter>Force Generators</Filter>
    </ClInclude>
    <ClInclude Include="WindForceGenerator.h">
      <Filter>Force Generators</Filter>
    </ClInclude>
    <ClInclude Include="WhirlwindForceGenerator.h">
      <Filter>Force Generators</Filter>
    </ClInclude>
    <ClInclude Include="ExplosionForceGenerator.h">
      <Filter>Force Generators</Filter>
    </ClInclude>
    <ClInclude Include="ParticleForceRegistry.h">
      <Filter>Systems</Filter>
    </ClInclude>
    <ClInclude Include="SpringForceGenerator.h">
      <Filter>Force Generators\Springs</Filter>
    </ClInclude>
    <ClInclude Include="AnchoredSpringFG.h">
      <Filter>Force Generators\Springs</Filter>
    </ClInclude>
    <ClInclude Include="BungeeFG.h">
      <Filter>Force Generators\Springs</Filter>
    </ClInclude>
    <ClInclude Include="BuoyancyFG.h">
      <Filter>Force Generators\Springs</Filter>
    </ClInclude>
  </ItemGroup>
  <ItemGroup>
    <Filter Include="Render">
      <UniqueIdentifier>{d04b4f9f-5a69-465e-8070-25c6d0bcd3c2}</UniqueIdentifier>
    </Filter>
    <Filter Include="Projectiles">
      <UniqueIdentifier>{d1d13227-f86f-4778-951a-7b1a51c67985}</UniqueIdentifier>
    </Filter>
    <Filter Include="Systems">
      <UniqueIdentifier>{2d3a15f3-ab14-4c7d-8328-b4be06a8f803}</UniqueIdentifier>
    </Filter>
    <Filter Include="Particle Generators">
      <UniqueIdentifier>{0f7c64cf-b24b-4e5c-b0d3-07aa990cce05}</UniqueIdentifier>
    </Filter>
    <Filter Include="Force Generators">
      <UniqueIdentifier>{42fb4a85-ec3d-4a19-b710-2c1b8af0948b}</UniqueIdentifier>
    </Filter>
    <Filter Include="Force Generators\Springs">
      <UniqueIdentifier>{788c5222-d0a5-4590-a343-c03622979e40}</UniqueIdentifier>
    </Filter>
  </ItemGroup>
</Project>